
Microsoft Visual Studio Solution File, Format Version 12.00
# Visual Studio Version 16
VisualStudioVersion = 16.0.31424.327
MinimumVisualStudioVersion = 10.0.40219.1
Project("{FAE04EC0-301F-11D3-BF4B-00C04F79EFBC}") = "XYQK", "XYQK.csproj", "{1BC743BF-413D-45EF-A52A-7854FF8D9B19}"
EndProject
Global
	GlobalSection(SolutionConfigurationPlatforms) = preSolution
		Debug|Any CPU = Debug|Any CPU
		Release|Any CPU = Release|Any CPU
	EndGlobalSection
	GlobalSection(ProjectConfigurationPlatforms) = postSolution
		{1BC743BF-413D-45EF-A52A-7854FF8D9B19}.Debug|Any CPU.ActiveCfg = Debug|Any CPU
		{1BC743BF-413D-45EF-A52A-7854FF8D9B19}.Debug|Any CPU.Build.0 = Debug|Any CPU
		{1BC743BF-413D-45EF-A52A-7854FF8D9B19}.Release|Any CPU.ActiveCfg = Release|Any CPU
		{1BC743BF-413D-45EF-A52A-7854FF8D9B19}.Release|Any CPU.Build.0 = Release|Any CPU
	EndGlobalSection
	GlobalSection(SolutionProperties) = preSolution
		HideSolutionNode = FALSE
	EndGlobalSection
	GlobalSection(ExtensibilityGlobals) = postSolution
		SolutionGuid = {C8CB63AA-36D7-4A73-891B-6C5FC4A35453}
	EndGlobalSection
EndGlobal
